
Microsoft Visual Studio Solution File, Format Version 12.00
# Visual Studio Version 17
VisualStudioVersion = 17.8.34511.84
MinimumVisualStudioVersion = 10.0.40219.1
Project("{9A19103F-16F7-4668-BE54-9A1E7A4F7556}") = "ITtools_clone", "ITtools_clone.csproj", "{64F5085D-C6E4-4447-9371-A251B386B41E}"
EndProject
Project("{9A19103F-16F7-4668-BE54-9A1E7A4F7556}") = "ToolInterface", "..\ToolInterface\ToolInterface.csproj", "{2B34CB96-0D4A-4282-A64A-79B13C88E4D7}"
EndProject
Project("{9A19103F-16F7-4668-BE54-9A1E7A4F7556}") = "TokenGenerator", "..\TokenGenerator\TokenGenerator.csproj", "{836467A9-34CB-473B-B2F8-3A28D1C233CD}"
EndProject
Project("{9A19103F-16F7-4668-BE54-9A1E7A4F7556}") = "HashText", "..\HashText\HashText.csproj", "{3F87C5DD-67B1-48E5-B718-1DCE06C820CA}"
EndProject
Project("{9A19103F-16F7-4668-BE54-9A1E7A4F7556}") = "IntegerBaseConverter", "..\IntegerBaseConverter\IntegerBaseConverter.csproj", "{344C5637-516B-49A9-96D8-635A9D87B55F}"
EndProject
Project("{9A19103F-16F7-4668-BE54-9A1E7A4F7556}") = "RomanConverter", "..\RomanConverter\RomanConverter.csproj", "{90F61BBB-D491-4C61-B69B-5BE5636994FC}"
EndProject
Project("{9A19103F-16F7-4668-BE54-9A1E7A4F7556}") = "RandomPortGenerator", "..\RandomPortGenerator\RandomPortGenerator.csproj", "{D5E1F5A3-5908-4C90-80EC-129FC0A0AF89}"
EndProject
Project("{FAE04EC0-301F-11D3-BF4B-00C04F79EFBC}") = "ULIDGenerator", "..\ULIDGenerator\ULIDGenerator.csproj", "{2D0D62EC-B358-412A-B5F8-E83C8468B159}"
EndProject
Project("{FAE04EC0-301F-11D3-BF4B-00C04F79EFBC}") = "TextToNATOAlphabet", "..\TextToNatoAlphabet\TextToNATOAlphabet.csproj", "{85B39CB7-8599-49E9-99C3-136AF0DF0EA1}"
EndProject
Project("{FAE04EC0-301F-11D3-BF4B-00C04F79EFBC}") = "BasicAuthGenerator", "..\BasicAuthGenerator\BasicAuthGenerator.csproj", "{1442E788-66BD-4C0A-A1EE-A0099243FD22}"
EndProject
Project("{FAE04EC0-301F-11D3-BF4B-00C04F79EFBC}") = "EncodeDecodeURL", "..\EncodeDecodeURL\EncodeDecodeURL.csproj", "{B6C6FF74-6774-4F95-B0AB-6C7D0EEBD8B2}"
EndProject
Project("{FAE04EC0-301F-11D3-BF4B-00C04F79EFBC}") = "SlugifyString", "..\SlugifyString\SlugifyString.csproj", "{686CA826-1C2D-48C8-ACB0-51FEA0C9FB2C}"
EndProject
Project("{FAE04EC0-301F-11D3-BF4B-00C04F79EFBC}") = "QRCodeGenerator", "..\QRCodeGenerator\QRCodeGenerator.csproj", "{4241B073-9C50-4DE5-8D4F-76313BF40B9D}"
EndProject
Project("{FAE04EC0-301F-11D3-BF4B-00C04F79EFBC}") = "WifiQRCodeGenerator", "..\WifiQRCodeGenerator\WifiQRCodeGenerator.csproj", "{75CEEA48-DC28-4E24-94E1-8CB9CE6E5B08}"
EndProject
Global
	GlobalSection(SolutionConfigurationPlatforms) = preSolution
		Debug|Any CPU = Debug|Any CPU
		Release|Any CPU = Release|Any CPU
	EndGlobalSection
	GlobalSection(ProjectConfigurationPlatforms) = postSolution
		{64F5085D-C6E4-4447-9371-A251B386B41E}.Debug|Any CPU.ActiveCfg = Debug|Any CPU
		{64F5085D-C6E4-4447-9371-A251B386B41E}.Debug|Any CPU.Build.0 = Debug|Any CPU
		{64F5085D-C6E4-4447-9371-A251B386B41E}.Release|Any CPU.ActiveCfg = Release|Any CPU
		{64F5085D-C6E4-4447-9371-A251B386B41E}.Release|Any CPU.Build.0 = Release|Any CPU
		{2B34CB96-0D4A-4282-A64A-79B13C88E4D7}.Debug|Any CPU.ActiveCfg = Debug|Any CPU
		{2B34CB96-0D4A-4282-A64A-79B13C88E4D7}.Debug|Any CPU.Build.0 = Debug|Any CPU
		{2B34CB96-0D4A-4282-A64A-79B13C88E4D7}.Release|Any CPU.ActiveCfg = Release|Any CPU
		{2B34CB96-0D4A-4282-A64A-79B13C88E4D7}.Release|Any CPU.Build.0 = Release|Any CPU
		{836467A9-34CB-473B-B2F8-3A28D1C233CD}.Debug|Any CPU.ActiveCfg = Debug|Any CPU
		{836467A9-34CB-473B-B2F8-3A28D1C233CD}.Debug|Any CPU.Build.0 = Debug|Any CPU
		{836467A9-34CB-473B-B2F8-3A28D1C233CD}.Release|Any CPU.ActiveCfg = Release|Any CPU
		{836467A9-34CB-473B-B2F8-3A28D1C233CD}.Release|Any CPU.Build.0 = Release|Any CPU
		{3F87C5DD-67B1-48E5-B718-1DCE06C820CA}.Debug|Any CPU.ActiveCfg = Debug|Any CPU
		{3F87C5DD-67B1-48E5-B718-1DCE06C820CA}.Debug|Any CPU.Build.0 = Debug|Any CPU
		{3F87C5DD-67B1-48E5-B718-1DCE06C820CA}.Release|Any CPU.ActiveCfg = Release|Any CPU
		{3F87C5DD-67B1-48E5-B718-1DCE06C820CA}.Release|Any CPU.Build.0 = Release|Any CPU
		{344C5637-516B-49A9-96D8-635A9D87B55F}.Debug|Any CPU.ActiveCfg = Debug|Any CPU
		{344C5637-516B-49A9-96D8-635A9D87B55F}.Debug|Any CPU.Build.0 = Debug|Any CPU
		{344C5637-516B-49A9-96D8-635A9D87B55F}.Release|Any CPU.ActiveCfg = Release|Any CPU
		{344C5637-516B-49A9-96D8-635A9D87B55F}.Release|Any CPU.Build.0 = Release|Any CPU
		{90F61BBB-D491-4C61-B69B-5BE5636994FC}.Debug|Any CPU.ActiveCfg = Debug|Any CPU
		{90F61BBB-D491-4C61-B69B-5BE5636994FC}.Debug|Any CPU.Build.0 = Debug|Any CPU
		{90F61BBB-D491-4C61-B69B-5BE5636994FC}.Release|Any CPU.ActiveCfg = Release|Any CPU
		{90F61BBB-D491-4C61-B69B-5BE5636994FC}.Release|Any CPU.Build.0 = Release|Any CPU
		{80193EE0-91AB-4951-A8D4-9825960BF0D0}.Debug|Any CPU.ActiveCfg = Debug|Any CPU
		{80193EE0-91AB-4951-A8D4-9825960BF0D0}.Debug|Any CPU.Build.0 = Debug|Any CPU
		{80193EE0-91AB-4951-A8D4-9825960BF0D0}.Release|Any CPU.ActiveCfg = Release|Any CPU
		{80193EE0-91AB-4951-A8D4-9825960BF0D0}.Release|Any CPU.Build.0 = Release|Any CPU
		{D5E1F5A3-5908-4C90-80EC-129FC0A0AF89}.Debug|Any CPU.ActiveCfg = Debug|Any CPU
		{D5E1F5A3-5908-4C90-80EC-129FC0A0AF89}.Debug|Any CPU.Build.0 = Debug|Any CPU
		{D5E1F5A3-5908-4C90-80EC-129FC0A0AF89}.Release|Any CPU.ActiveCfg = Release|Any CPU
		{D5E1F5A3-5908-4C90-80EC-129FC0A0AF89}.Release|Any CPU.Build.0 = Release|Any CPU
		{2D0D62EC-B358-412A-B5F8-E83C8468B159}.Debug|Any CPU.ActiveCfg = Debug|Any CPU
		{2D0D62EC-B358-412A-B5F8-E83C8468B159}.Debug|Any CPU.Build.0 = Debug|Any CPU
		{2D0D62EC-B358-412A-B5F8-E83C8468B159}.Release|Any CPU.ActiveCfg = Release|Any CPU
		{2D0D62EC-B358-412A-B5F8-E83C8468B159}.Release|Any CPU.Build.0 = Release|Any CPU
		{85B39CB7-8599-49E9-99C3-136AF0DF0EA1}.Debug|Any CPU.ActiveCfg = Debug|Any CPU
		{85B39CB7-8599-49E9-99C3-136AF0DF0EA1}.Debug|Any CPU.Build.0 = Debug|Any CPU
		{85B39CB7-8599-49E9-99C3-136AF0DF0EA1}.Release|Any CPU.ActiveCfg = Release|Any CPU
		{85B39CB7-8599-49E9-99C3-136AF0DF0EA1}.Release|Any CPU.Build.0 = Release|Any CPU
		{1442E788-66BD-4C0A-A1EE-A0099243FD22}.Debug|Any CPU.ActiveCfg = Debug|Any CPU
		{1442E788-66BD-4C0A-A1EE-A0099243FD22}.Debug|Any CPU.Build.0 = Debug|Any CPU
		{1442E788-66BD-4C0A-A1EE-A0099243FD22}.Release|Any CPU.ActiveCfg = Release|Any CPU
		{1442E788-66BD-4C0A-A1EE-A0099243FD22}.Release|Any CPU.Build.0 = Release|Any CPU
		{B6C6FF74-6774-4F95-B0AB-6C7D0EEBD8B2}.Debug|Any CPU.ActiveCfg = Debug|Any CPU
		{B6C6FF74-6774-4F95-B0AB-6C7D0EEBD8B2}.Debug|Any CPU.Build.0 = Debug|Any CPU
		{B6C6FF74-6774-4F95-B0AB-6C7D0EEBD8B2}.Release|Any CPU.ActiveCfg = Release|Any CPU
		{B6C6FF74-6774-4F95-B0AB-6C7D0EEBD8B2}.Release|Any CPU.Build.0 = Release|Any CPU
		{686CA826-1C2D-48C8-ACB0-51FEA0C9FB2C}.Debug|Any CPU.ActiveCfg = Debug|Any CPU
		{686CA826-1C2D-48C8-ACB0-51FEA0C9FB2C}.Debug|Any CPU.Build.0 = Debug|Any CPU
		{686CA826-1C2D-48C8-ACB0-51FEA0C9FB2C}.Release|Any CPU.ActiveCfg = Release|Any CPU
		{686CA826-1C2D-48C8-ACB0-51FEA0C9FB2C}.Release|Any CPU.Build.0 = Release|Any CPU
		{4241B073-9C50-4DE5-8D4F-76313BF40B9D}.Debug|Any CPU.ActiveCfg = Debug|Any CPU
		{4241B073-9C50-4DE5-8D4F-76313BF40B9D}.Debug|Any CPU.Build.0 = Debug|Any CPU
		{4241B073-9C50-4DE5-8D4F-76313BF40B9D}.Release|Any CPU.ActiveCfg = Release|Any CPU
		{4241B073-9C50-4DE5-8D4F-76313BF40B9D}.Release|Any CPU.Build.0 = Release|Any CPU
		{75CEEA48-DC28-4E24-94E1-8CB9CE6E5B08}.Debug|Any CPU.ActiveCfg = Debug|Any CPU
		{75CEEA48-DC28-4E24-94E1-8CB9CE6E5B08}.Debug|Any CPU.Build.0 = Debug|Any CPU
		{75CEEA48-DC28-4E24-94E1-8CB9CE6E5B08}.Release|Any CPU.ActiveCfg = Release|Any CPU
		{75CEEA48-DC28-4E24-94E1-8CB9CE6E5B08}.Release|Any CPU.Build.0 = Release|Any CPU
	EndGlobalSection
	GlobalSection(SolutionProperties) = preSolution
		HideSolutionNode = FALSE
	EndGlobalSection
	GlobalSection(ExtensibilityGlobals) = postSolution
		SolutionGuid = {6C21EBAF-5EF9-4E80-AEB5-1CBDBA002AFC}
	EndGlobalSection
EndGlobal
